{
  "version": 4,
  "terraform_version": "1.9.8",
  "serial": 26,
  "lineage": "0225ca1c-c692-404b-1b15-2cb8bf024dae",
  "outputs": {},
  "resources": [
    {
      "module": "module.dev_infra",
      "mode": "managed",
      "type": "aws_default_vpc",
      "name": "default",
      "provider": "provider[\"registry.terraform.io/hashicorp/aws\"]",
      "instances": [
        {
          "schema_version": 1,
          "attributes": {
            "arn": "arn:aws:ec2:ap-south-1:344092235978:vpc/vpc-0d021165962eef3fb",
            "assign_generated_ipv6_cidr_block": false,
            "cidr_block": "172.31.0.0/16",
            "default_network_acl_id": "acl-076ffe5ba9a3164c4",
            "default_route_table_id": "rtb-01bd555f98f3a40de",
            "default_security_group_id": "sg-098e9bfdcd6708579",
            "dhcp_options_id": "dopt-0b6ed508e8da6566f",
            "enable_dns_hostnames": true,
            "enable_dns_support": true,
            "enable_network_address_usage_metrics": false,
            "existing_default_vpc": true,
            "force_destroy": false,
            "id": "vpc-0d021165962eef3fb",
            "instance_tenancy": "default",
            "ipv6_association_id": "",
            "ipv6_cidr_block": "",
            "ipv6_cidr_block_network_border_group": "",
            "ipv6_ipam_pool_id": "",
            "ipv6_netmask_length": 0,
            "main_route_table_id": "rtb-01bd555f98f3a40de",
            "owner_id": "344092235978",
            "region": "ap-south-1",
            "tags": null,
            "tags_all": {}
          },
          "sensitive_attributes": [],
          "private": "eyJzY2hlbWFfdmVyc2lvbiI6IjEifQ=="
        }
      ]
    },
    {
      "module": "module.dev_infra",
      "mode": "managed",
      "type": "aws_dynamodb_table",
      "name": "basic-dynamodb-table",
      "provider": "provider[\"registry.terraform.io/hashicorp/aws\"]",
      "instances": [
        {
          "schema_version": 1,
          "attributes": {
            "arn": "arn:aws:dynamodb:ap-south-1:344092235978:table/dev-infra-app-table",
            "attribute": [
              {
                "name": "Student_ID",
                "type": "S"
              }
            ],
            "billing_mode": "PAY_PER_REQUEST",
            "deletion_protection_enabled": false,
            "global_secondary_index": [],
            "global_table_witness": [],
            "hash_key": "Student_ID",
            "id": "dev-infra-app-table",
            "import_table": [],
            "local_secondary_index": [],
            "name": "dev-infra-app-table",
            "on_demand_throughput": [],
            "point_in_time_recovery": [
              {
                "enabled": false,
                "recovery_period_in_days": 0
              }
            ],
            "range_key": null,
            "read_capacity": 0,
            "region": "ap-south-1",
            "replica": [],
            "restore_date_time": null,
            "restore_source_name": null,
            "restore_source_table_arn": null,
            "restore_to_latest_time": null,
            "server_side_encryption": [],
            "stream_arn": "",
            "stream_enabled": false,
            "stream_label": "",
            "stream_view_type": "",
            "table_class": "STANDARD",
            "tags": {
              "Environment": "dev",
              "Name": "dev-infra-app-table"
            },
            "tags_all": {
              "Environment": "dev",
              "Name": "dev-infra-app-table"
            },
            "timeouts": null,
            "ttl": [
              {
                "attribute_name": "",
                "enabled": false
              }
            ],
            "warm_throughput": [],
            "write_capacity": 0
          },
          "sensitive_attributes": [],
          "private": "eyJlMmJmYjczMC1lY2FhLTExZTYtOGY4OC0zNDM2M2JjN2M0YzAiOnsiY3JlYXRlIjoxODAwMDAwMDAwMDAwLCJkZWxldGUiOjYwMDAwMDAwMDAwMCwidXBkYXRlIjozNjAwMDAwMDAwMDAwfSwic2NoZW1hX3ZlcnNpb24iOiIxIn0="
        }
      ]
    },
    {
      "module": "module.dev_infra",
      "mode": "managed",
      "type": "aws_key_pair",
      "name": "my_key",
      "provider": "provider[\"registry.terraform.io/hashicorp/aws\"]",
      "instances": [
        {
          "schema_version": 1,
          "attributes": {
            "arn": "arn:aws:ec2:ap-south-1:344092235978:key-pair/dev-infra-app-key",
            "fingerprint": "d6:55:85:13:ac:d6:5c:9a:74:19:f9:ae:1f:cc:5f:a9",
            "id": "dev-infra-app-key",
            "key_name": "dev-infra-app-key",
            "key_name_prefix": "",
            "key_pair_id": "key-017beb623600cbcf1",
            "key_type": "rsa",
            "public_key": "ssh-rsa AAAAB3NzaC1yc2EAAAADAQABAAABgQC6JZCGVf1SZQszUwckRKXMI0kpxp5r8u0I6f6e43ajb4moecDUVfLNVmrc7j+thdBG50cmNxRKJDHqq9xJF5iTo8y9MY+dgI9MWyjy3abakoV2Yyp1E5GmEgvh41940lnX2jrFJsw1q3+etyeJZK0VMmE44c+tJmyDA15PeyttHunBBKtm9/xeC3hPPigs3lO3NeyNMN+WEnm//3D0q9t7nvpUNnMrNPJXw6sH2cavdgPWjH4I34Xi1DtO9NcQmFB6h0z5nB5uNZxslBm0v4v0bAWQymtaHKPh40ABWWui1qxD2iv9rzoO96Fxao3Y1v3ekDJJR9oLXHtX0+TJ1XMfx504LraCPpwRNSSOHJU7cuPB3at3jpsK5bxGxgoM91iTWdjuI4dF67hwCXFLcFlITd2bRxyzWussI6c9pek9T/TGao2iF56YTxR8DxLe/a1YE1Onb+KRCkobVgQS9qVdP54EABGQIR5HbGTb5BOiqYJwz8qdy/pzFDE5ZSUPMS0= gffyt@DESKTOP-QC67ILD",
            "region": "ap-south-1",
            "tags": {
              "Environment": "dev"
            },
            "tags_all": {
              "Environment": "dev"
            }
          },
          "sensitive_attributes": [],
          "private": "eyJzY2hlbWFfdmVyc2lvbiI6IjEifQ=="
        }
      ]
    },
    {
      "module": "module.dev_infra",
      "mode": "managed",
      "type": "aws_s3_bucket",
      "name": "s3-bucket",
      "provider": "provider[\"registry.terraform.io/hashicorp/aws\"]",
      "instances": [
        {
          "schema_version": 0,
          "attributes": {
            "acceleration_status": "",
            "acl": null,
            "arn": "arn:aws:s3:::dev-infra-bucket-i211553",
            "bucket": "dev-infra-bucket-i211553",
            "bucket_domain_name": "dev-infra-bucket-i211553.s3.amazonaws.com",
            "bucket_prefix": "",
            "bucket_region": "ap-south-1",
            "bucket_regional_domain_name": "dev-infra-bucket-i211553.s3.ap-south-1.amazonaws.com",
            "cors_rule": [],
            "force_destroy": false,
            "grant": [
              {
                "id": "0ff82d4342a51c974a6c844f17a3f839281a7143910b7f39c4cdf55d6c9ae3de",
                "permissions": [
                  "FULL_CONTROL"
                ],
                "type": "CanonicalUser",
                "uri": ""
              }
            ],
            "hosted_zone_id": "Z11RGJOFQNVJUP",
            "id": "dev-infra-bucket-i211553",
            "lifecycle_rule": [],
            "logging": [],
            "object_lock_configuration": [],
            "object_lock_enabled": false,
            "policy": "",
            "region": "ap-south-1",
            "replication_configuration": [],
            "request_payer": "BucketOwner",
            "server_side_encryption_configuration": [
              {
                "rule": [
                  {
                    "apply_server_side_encryption_by_default": [
                      {
                        "kms_master_key_id": "",
                        "sse_algorithm": "AES256"
                      }
                    ],
                    "bucket_key_enabled": false
                  }
                ]
              }
            ],
            "tags": {
              "Environment": "dev",
              "Name": "dev-infra-bucket-i211553"
            },
            "tags_all": {
              "Environment": "dev",
              "Name": "dev-infra-bucket-i211553"
            },
            "timeouts": null,
            "versioning": [
              {
                "enabled": false,
                "mfa_delete": false
              }
            ],
            "website": [],
            "website_domain": null,
            "website_endpoint": null
          },
          "sensitive_attributes": [],
          "private": "eyJlMmJmYjczMC1lY2FhLTExZTYtOGY4OC0zNDM2M2JjN2M0YzAiOnsiY3JlYXRlIjoxMjAwMDAwMDAwMDAwLCJkZWxldGUiOjM2MDAwMDAwMDAwMDAsInJlYWQiOjEyMDAwMDAwMDAwMDAsInVwZGF0ZSI6MTIwMDAwMDAwMDAwMH19"
        }
      ]
    },
    {
      "module": "module.dev_infra",
      "mode": "managed",
      "type": "aws_security_group",
      "name": "my_security_group",
      "provider": "provider[\"registry.terraform.io/hashicorp/aws\"]",
      "instances": [
        {
          "schema_version": 1,
          "attributes": {
            "arn": "arn:aws:ec2:ap-south-1:344092235978:security-group/sg-029def2b88a980d53",
            "description": "this will add a tf generated security group",
            "egress": [
              {
                "cidr_blocks": [
                  "0.0.0.0/0"
                ],
                "description": "All access outbound",
                "from_port": 0,
                "ipv6_cidr_blocks": [],
                "prefix_list_ids": [],
                "protocol": "-1",
                "security_groups": [],
                "self": false,
                "to_port": 0
              }
            ],
            "id": "sg-029def2b88a980d53",
            "ingress": [
              {
                "cidr_blocks": [
                  "0.0.0.0/0"
                ],
                "description": "HTTP open",
                "from_port": 80,
                "ipv6_cidr_blocks": [],
                "prefix_list_ids": [],
                "protocol": "tcp",
                "security_groups": [],
                "self": false,
                "to_port": 80
              },
              {
                "cidr_blocks": [
                  "0.0.0.0/0"
                ],
                "description": "SSH open",
                "from_port": 22,
                "ipv6_cidr_blocks": [],
                "prefix_list_ids": [],
                "protocol": "tcp",
                "security_groups": [],
                "self": false,
                "to_port": 22
              }
            ],
            "name": "dev-infra-app-security-group",
            "name_prefix": "",
            "owner_id": "344092235978",
            "region": "ap-south-1",
            "revoke_rules_on_delete": false,
            "tags": {
              "Environment": "dev",
              "Name": "dev-infra-app-security-group"
            },
            "tags_all": {
              "Environment": "dev",
              "Name": "dev-infra-app-security-group"
            },
            "timeouts": null,
            "vpc_id": "vpc-0d021165962eef3fb"
          },
          "sensitive_attributes": [],
          "private": "eyJlMmJmYjczMC1lY2FhLTExZTYtOGY4OC0zNDM2M2JjN2M0YzAiOnsiY3JlYXRlIjo2MDAwMDAwMDAwMDAsImRlbGV0ZSI6OTAwMDAwMDAwMDAwfSwic2NoZW1hX3ZlcnNpb24iOiIxIn0=",
          "dependencies": [
            "module.dev_infra.aws_default_vpc.default"
          ]
        }
      ]
    }
  ],
  "check_results": null
}
